{
  "name": "falcor-app-server",
  "version": "1.0.0",
  "lockfileVersion": 1,
  "dependencies": {
    "falcor-path-syntax": {
      "version": "0.2.4",
      "resolved": "https://registry.npmjs.org/falcor-path-syntax/-/falcor-path-syntax-0.2.4.tgz",
      "integrity": "sha1-bnK6C8I29N2nMECgAWUnkqMtj8g="
    },
    "falcor-path-utils": {
      "version": "0.5.1",
      "resolved": "https://registry.npmjs.org/falcor-path-utils/-/falcor-path-utils-0.5.1.tgz",
      "integrity": "sha1-4FMi8gPWs0z5pAe0t15SUISbXNw="
    },
    "falcor-router": {
      "version": "0.8.1",
      "resolved": "https://registry.npmjs.org/falcor-router/-/falcor-router-0.8.1.tgz",
      "integrity": "sha1-/Z62AUN+3GVaZh+gVzQALxOir0g="
    },
    "rxjs": {
      "version": "5.1.1",
      "resolved": "https://registry.npmjs.org/rxjs/-/rxjs-5.1.1.tgz",
      "integrity": "sha1-/EiSKWW8bF77zA/kbpCjr2QTens="
    },
    "symbol-observable": {
      "version": "1.0.4",
      "resolved": "https://registry.npmjs.org/symbol-observable/-/symbol-observable-1.0.4.tgz",
      "integrity": "sha1-Kb9hXUqnEhvdiYsi1LP5vE4qoD0="
    }
  }
}
